
Microsoft Visual Studio Solution File, Format Version 12.00
# Visual Studio Version 17
VisualStudioVersion = 17.7.34018.315
MinimumVisualStudioVersion = 10.0.40219.1
Project("{9A19103F-16F7-4668-BE54-9A1E7A4F7556}") = "ImageUpload", "ImageUpload.csproj", "{2088E9BC-C76C-42B1-B24A-B633F606F93A}"
EndProject
Project("{FAE04EC0-301F-11D3-BF4B-00C04F79EFBC}") = "TestImageUpload", "..\TestImageUpload\TestImageUpload.csproj", "{B976AD7E-D23D-4608-B125-9656AA2B890D}"
EndProject
Global
	GlobalSection(SolutionConfigurationPlatforms) = preSolution
		Debug|Any CPU = Debug|Any CPU
		Release|Any CPU = Release|Any CPU
	EndGlobalSection
	GlobalSection(ProjectConfigurationPlatforms) = postSolution
		{2088E9BC-C76C-42B1-B24A-B633F606F93A}.Debug|Any CPU.ActiveCfg = Debug|Any CPU
		{2088E9BC-C76C-42B1-B24A-B633F606F93A}.Debug|Any CPU.Build.0 = Debug|Any CPU
		{2088E9BC-C76C-42B1-B24A-B633F606F93A}.Release|Any CPU.ActiveCfg = Release|Any CPU
		{2088E9BC-C76C-42B1-B24A-B633F606F93A}.Release|Any CPU.Build.0 = Release|Any CPU
		{B976AD7E-D23D-4608-B125-9656AA2B890D}.Debug|Any CPU.ActiveCfg = Debug|Any CPU
		{B976AD7E-D23D-4608-B125-9656AA2B890D}.Debug|Any CPU.Build.0 = Debug|Any CPU
		{B976AD7E-D23D-4608-B125-9656AA2B890D}.Release|Any CPU.ActiveCfg = Release|Any CPU
		{B976AD7E-D23D-4608-B125-9656AA2B890D}.Release|Any CPU.Build.0 = Release|Any CPU
	EndGlobalSection
	GlobalSection(SolutionProperties) = preSolution
		HideSolutionNode = FALSE
	EndGlobalSection
	GlobalSection(ExtensibilityGlobals) = postSolution
		SolutionGuid = {46E6204D-1471-4EF9-8A5C-BFAD02F3AF2D}
	EndGlobalSection
EndGlobal
